
Microsoft Visual Studio Solution File, Format Version 12.00
# Visual Studio Version 17
VisualStudioVersion = 17.0.31903.59
MinimumVisualStudioVersion = 10.0.40219.1
Project("{FAE04EC0-301F-11D3-BF4B-00C04F79EFBC}") = "Blockfall.Core", "core\Blockfall.Core.csproj", "{32E5D5FD-1DBB-4E9D-BA0A-FA5FE5B64F5B}"
EndProject
Project("{FAE04EC0-301F-11D3-BF4B-00C04F79EFBC}") = "Blockfall.Core.Tests", "core.tests\Blockfall.Core.Tests.csproj", "{915766B9-379F-4D84-918F-378F445F46D1}"
EndProject
Global
	GlobalSection(SolutionConfigurationPlatforms) = preSolution
		Debug|Any CPU = Debug|Any CPU
		Release|Any CPU = Release|Any CPU
	EndGlobalSection
	GlobalSection(SolutionProperties) = preSolution
		HideSolutionNode = FALSE
	EndGlobalSection
	GlobalSection(ProjectConfigurationPlatforms) = postSolution
		{32E5D5FD-1DBB-4E9D-BA0A-FA5FE5B64F5B}.Debug|Any CPU.ActiveCfg = Debug|Any CPU
		{32E5D5FD-1DBB-4E9D-BA0A-FA5FE5B64F5B}.Debug|Any CPU.Build.0 = Debug|Any CPU
		{32E5D5FD-1DBB-4E9D-BA0A-FA5FE5B64F5B}.Release|Any CPU.ActiveCfg = Release|Any CPU
		{32E5D5FD-1DBB-4E9D-BA0A-FA5FE5B64F5B}.Release|Any CPU.Build.0 = Release|Any CPU
		{915766B9-379F-4D84-918F-378F445F46D1}.Debug|Any CPU.ActiveCfg = Debug|Any CPU
		{915766B9-379F-4D84-918F-378F445F46D1}.Debug|Any CPU.Build.0 = Debug|Any CPU
		{915766B9-379F-4D84-918F-378F445F46D1}.Release|Any CPU.ActiveCfg = Release|Any CPU
		{915766B9-379F-4D84-918F-378F445F46D1}.Release|Any CPU.Build.0 = Release|Any CPU
	EndGlobalSection
EndGlobal
